
Microsoft Visual Studio Solution File, Format Version 12.00
# Visual Studio Version 17
VisualStudioVersion = 17.5.002.0
MinimumVisualStudioVersion = 10.0.40219.1
Project("{9A19103F-16F7-4668-BE54-9A1E7A4F7556}") = "excel_upload_be", "excel_upload_be\excel_upload_be.csproj", "{DE103D36-F159-49E9-ABF2-FF50F54F4900}"
EndProject
Global
	GlobalSection(SolutionConfigurationPlatforms) = preSolution
		Debug|Any CPU = Debug|Any CPU
		Release|Any CPU = Release|Any CPU
	EndGlobalSection
	GlobalSection(ProjectConfigurationPlatforms) = postSolution
		{DE103D36-F159-49E9-ABF2-FF50F54F4900}.Debug|Any CPU.ActiveCfg = Debug|Any CPU
		{DE103D36-F159-49E9-ABF2-FF50F54F4900}.Debug|Any CPU.Build.0 = Debug|Any CPU
		{DE103D36-F159-49E9-ABF2-FF50F54F4900}.Release|Any CPU.ActiveCfg = Release|Any CPU
		{DE103D36-F159-49E9-ABF2-FF50F54F4900}.Release|Any CPU.Build.0 = Release|Any CPU
	EndGlobalSection
	GlobalSection(SolutionProperties) = preSolution
		HideSolutionNode = FALSE
	EndGlobalSection
	GlobalSection(ExtensibilityGlobals) = postSolution
		SolutionGuid = {B67BFF92-1FCC-4194-8E55-F29E9FF5B7D2}
	EndGlobalSection
EndGlobal
